
Microsoft Visual Studio Solution File, Format Version 12.00
# Visual Studio Version 17
VisualStudioVersion = 17.12.35707.178 d17.12
MinimumVisualStudioVersion = 10.0.40219.1
Project("{FAE04EC0-301F-11D3-BF4B-00C04F79EFBC}") = "job-application-tracking.Server", "job-application-tracking.Server\job-application-tracking.Server.csproj", "{92CF5C8C-7905-47F2-8587-E4CB884E73E2}"
EndProject
Project("{54A90642-561A-4BB1-A94E-469ADEE60C69}") = "job-application-tracking.client", "job-application-tracking.client\job-application-tracking.client.esproj", "{89070312-F586-43F6-83E8-21F65E0958CD}"
EndProject
Global
	GlobalSection(SolutionConfigurationPlatforms) = preSolution
		Debug|Any CPU = Debug|Any CPU
		Release|Any CPU = Release|Any CPU
	EndGlobalSection
	GlobalSection(ProjectConfigurationPlatforms) = postSolution
		{92CF5C8C-7905-47F2-8587-E4CB884E73E2}.Debug|Any CPU.ActiveCfg = Debug|Any CPU
		{92CF5C8C-7905-47F2-8587-E4CB884E73E2}.Debug|Any CPU.Build.0 = Debug|Any CPU
		{92CF5C8C-7905-47F2-8587-E4CB884E73E2}.Release|Any CPU.ActiveCfg = Release|Any CPU
		{92CF5C8C-7905-47F2-8587-E4CB884E73E2}.Release|Any CPU.Build.0 = Release|Any CPU
		{89070312-F586-43F6-83E8-21F65E0958CD}.Debug|Any CPU.ActiveCfg = Debug|Any CPU
		{89070312-F586-43F6-83E8-21F65E0958CD}.Debug|Any CPU.Build.0 = Debug|Any CPU
		{89070312-F586-43F6-83E8-21F65E0958CD}.Debug|Any CPU.Deploy.0 = Debug|Any CPU
		{89070312-F586-43F6-83E8-21F65E0958CD}.Release|Any CPU.ActiveCfg = Release|Any CPU
		{89070312-F586-43F6-83E8-21F65E0958CD}.Release|Any CPU.Build.0 = Release|Any CPU
		{89070312-F586-43F6-83E8-21F65E0958CD}.Release|Any CPU.Deploy.0 = Release|Any CPU
	EndGlobalSection
	GlobalSection(SolutionProperties) = preSolution
		HideSolutionNode = FALSE
	EndGlobalSection
EndGlobal
